
Microsoft Visual Studio Solution File, Format Version 12.00
# Visual Studio Version 17
VisualStudioVersion = 17.6.33829.357
MinimumVisualStudioVersion = 10.0.40219.1
Project("{FAE04EC0-301F-11D3-BF4B-00C04F79EFBC}") = "Color-Finder", "Color-Finder\Color-Finder.csproj", "{C079E98F-FD93-40D7-8627-8F3670F5E450}"
EndProject
Global
	GlobalSection(SolutionConfigurationPlatforms) = preSolution
		Debug|Any CPU = Debug|Any CPU
		Release|Any CPU = Release|Any CPU
	EndGlobalSection
	GlobalSection(ProjectConfigurationPlatforms) = postSolution
		{C079E98F-FD93-40D7-8627-8F3670F5E450}.Debug|Any CPU.ActiveCfg = Debug|Any CPU
		{C079E98F-FD93-40D7-8627-8F3670F5E450}.Debug|Any CPU.Build.0 = Debug|Any CPU
		{C079E98F-FD93-40D7-8627-8F3670F5E450}.Release|Any CPU.ActiveCfg = Release|Any CPU
		{C079E98F-FD93-40D7-8627-8F3670F5E450}.Release|Any CPU.Build.0 = Release|Any CPU
	EndGlobalSection
	GlobalSection(SolutionProperties) = preSolution
		HideSolutionNode = FALSE
	EndGlobalSection
	GlobalSection(ExtensibilityGlobals) = postSolution
		SolutionGuid = {21FBCE33-6AF7-49E0-BCF3-19E3A74CB90E}
	EndGlobalSection
EndGlobal
